{
  "name": "pluggable-synth",
  "version": "2.0.0",
  "lockfileVersion": 1,
  "requires": true,
  "dependencies": {
    "adsr-gain-node": {
      "version": "3.0.1",
      "resolved": "https://registry.npmjs.org/adsr-gain-node/-/adsr-gain-node-3.0.1.tgz",
      "integrity": "sha512-4fh0G7zkJh7vI9cD1n04EAQs/LxS4Upj54bLz+ieBy/YjAqd7xiw6K1eorkxrks18rFOrH4jSDOjdCNSDavcQQ=="
    },
    "js-svg-piano": {
      "version": "1.0.0",
      "resolved": "https://registry.npmjs.org/js-svg-piano/-/js-svg-piano-1.0.0.tgz",
      "integrity": "sha1-8GldAOblhXYOyBWWPUql4pWJrMA="
    },
    "note-parser": {
      "version": "2.0.1",
      "resolved": "https://registry.npmjs.org/note-parser/-/note-parser-2.0.1.tgz",
      "integrity": "sha1-JDj9V6RolLQCs6IHF5hmASnI+8E="
    },
    "webmidi": {
      "version": "2.0.0",
      "resolved": "https://registry.npmjs.org/webmidi/-/webmidi-2.0.0.tgz",
      "integrity": "sha512-ASVmicnvHi3KXXZhxJ47ZXPYrR3CEAfgY1afGdKUhkE0TO8l4pQDnG7+AaRzLL8HmUf5s0w5SiAyeeDl94GAEQ=="
    }
  }
}
